// !$*UTF8*$!
{
	archiveVersion = 1;
	classes = {
	};
	objectVersion = 56;
	objects = {

/* Begin PBXBuildFile section */
		D98C67962AE09C1F00F197F8 /* FirebaseAnalytics in Frameworks */ = {isa = PBXBuildFile; productRef = D98C67952AE09C1F00F197F8 /* FirebaseAnalytics */; };
		D98C67982AE09C1F00F197F8 /* FirebaseAnalyticsOnDeviceConversion in Frameworks */ = {isa = PBXBuildFile; productRef = D98C67972AE09C1F00F197F8 /* FirebaseAnalyticsOnDeviceConversion */; };
		D98C679A2AE09C1F00F197F8 /* FirebaseAnalyticsSwift in Frameworks */ = {isa = PBXBuildFile; productRef = D98C67992AE09C1F00F197F8 /* FirebaseAnalyticsSwift */; };
		D98C679C2AE09C1F00F197F8 /* FirebaseAnalyticsWithoutAdIdSupport in Frameworks */ = {isa = PBXBuildFile; productRef = D98C679B2AE09C1F00F197F8 /* FirebaseAnalyticsWithoutAdIdSupport */; };
		D98C679E2AE09C1F00F197F8 /* FirebaseAppCheck in Frameworks */ = {isa = PBXBuildFile; productRef = D98C679D2AE09C1F00F197F8 /* FirebaseAppCheck */; };
		D98C67A02AE09C1F00F197F8 /* FirebaseAppDistribution-Beta in Frameworks */ = {isa = PBXBuildFile; productRef = D98C679F2AE09C1F00F197F8 /* FirebaseAppDistribution-Beta */; };
		D98C67A22AE09C1F00F197F8 /* FirebaseAuth in Frameworks */ = {isa = PBXBuildFile; productRef = D98C67A12AE09C1F00F197F8 /* FirebaseAuth */; };
		D98C67A42AE09C1F00F197F8 /* FirebaseAuthCombine-Community in Frameworks */ = {isa = PBXBuildFile; productRef = D98C67A32AE09C1F00F197F8 /* FirebaseAuthCombine-Community */; };
		D98C67A62AE09C1F00F197F8 /* FirebaseCrashlytics in Frameworks */ = {isa = PBXBuildFile; productRef = D98C67A52AE09C1F00F197F8 /* FirebaseCrashlytics */; };
		D98C67A82AE09C1F00F197F8 /* FirebaseDatabase in Frameworks */ = {isa = PBXBuildFile; productRef = D98C67A72AE09C1F00F197F8 /* FirebaseDatabase */; };
		D98C67AA2AE09C1F00F197F8 /* FirebaseDatabaseSwift in Frameworks */ = {isa = PBXBuildFile; productRef = D98C67A92AE09C1F00F197F8 /* FirebaseDatabaseSwift */; };
		D98C67AC2AE09C1F00F197F8 /* FirebaseDynamicLinks in Frameworks */ = {isa = PBXBuildFile; productRef = D98C67AB2AE09C1F00F197F8 /* FirebaseDynamicLinks */; };
		D98C67AE2AE09C1F00F197F8 /* FirebaseFirestore in Frameworks */ = {isa = PBXBuildFile; productRef = D98C67AD2AE09C1F00F197F8 /* FirebaseFirestore */; };
		D98C67B02AE09C1F00F197F8 /* FirebaseFirestoreCombine-Community in Frameworks */ = {isa = PBXBuildFile; productRef = D98C67AF2AE09C1F00F197F8 /* FirebaseFirestoreCombine-Community */; };
		D98C67B22AE09C1F00F197F8 /* FirebaseFirestoreSwift in Frameworks */ = {isa = PBXBuildFile; productRef = D98C67B12AE09C1F00F197F8 /* FirebaseFirestoreSwift */; };
		D98C67B42AE09C1F00F197F8 /* FirebaseFunctions in Frameworks */ = {isa = PBXBuildFile; productRef = D98C67B32AE09C1F00F197F8 /* FirebaseFunctions */; };
		D98C67B62AE09C1F00F197F8 /* FirebaseFunctionsCombine-Community in Frameworks */ = {isa = PBXBuildFile; productRef = D98C67B52AE09C1F00F197F8 /* FirebaseFunctionsCombine-Community */; };
		D98C67B82AE09C1F00F197F8 /* FirebaseInAppMessaging-Beta in Frameworks */ = {isa = PBXBuildFile; productRef = D98C67B72AE09C1F00F197F8 /* FirebaseInAppMessaging-Beta */; };
		D98C67BA2AE09C1F00F197F8 /* FirebaseInAppMessagingSwift-Beta in Frameworks */ = {isa = PBXBuildFile; productRef = D98C67B92AE09C1F00F197F8 /* FirebaseInAppMessagingSwift-Beta */; };
		D98C67BC2AE09C1F00F197F8 /* FirebaseInstallations in Frameworks */ = {isa = PBXBuildFile; productRef = D98C67BB2AE09C1F00F197F8 /* FirebaseInstallations */; };
		D98C67BE2AE09C1F00F197F8 /* FirebaseMLModelDownloader in Frameworks */ = {isa = PBXBuildFile; productRef = D98C67BD2AE09C1F00F197F8 /* FirebaseMLModelDownloader */; };
		D98C67C02AE09C1F00F197F8 /* FirebaseMessaging in Frameworks */ = {isa = PBXBuildFile; productRef = D98C67BF2AE09C1F00F197F8 /* FirebaseMessaging */; };
		D98C67C22AE09C1F00F197F8 /* FirebasePerformance in Frameworks */ = {isa = PBXBuildFile; productRef = D98C67C12AE09C1F00F197F8 /* FirebasePerformance */; };
		D98C67C42AE09C1F00F197F8 /* FirebaseRemoteConfig in Frameworks */ = {isa = PBXBuildFile; productRef = D98C67C32AE09C1F00F197F8 /* FirebaseRemoteConfig */; };
		D98C67C62AE09C1F00F197F8 /* FirebaseRemoteConfigSwift in Frameworks */ = {isa = PBXBuildFile; productRef = D98C67C52AE09C1F00F197F8 /* FirebaseRemoteConfigSwift */; };
		D98C67C82AE09C1F00F197F8 /* FirebaseStorage in Frameworks */ = {isa = PBXBuildFile; productRef = D98C67C72AE09C1F00F197F8 /* FirebaseStorage */; };
		D98C67CA2AE09C1F00F197F8 /* FirebaseStorageCombine-Community in Frameworks */ = {isa = PBXBuildFile; productRef = D98C67C92AE09C1F00F197F8 /* FirebaseStorageCombine-Community */; };
		D98C67CF2AE09FA200F197F8 /* RegistrationViewModel.swift in Sources */ = {isa = PBXBuildFile; fileRef = D98C67CE2AE09FA200F197F8 /* RegistrationViewModel.swift */; };
		D98C67D12AE0A09F00F197F8 /* AuthService.swift in Sources */ = {isa = PBXBuildFile; fileRef = D98C67D02AE0A09F00F197F8 /* AuthService.swift */; };
		D98CD6AE2AD86E4500D1686E /* PreppedApp.swift in Sources */ = {isa = PBXBuildFile; fileRef = D98CD6AD2AD86E4500D1686E /* PreppedApp.swift */; };
		D98CD6B02AD86E4500D1686E /* ContentView.swift in Sources */ = {isa = PBXBuildFile; fileRef = D98CD6AF2AD86E4500D1686E /* ContentView.swift */; };
		D98CD6B22AD86E4600D1686E /* Assets.xcassets in Resources */ = {isa = PBXBuildFile; fileRef = D98CD6B12AD86E4600D1686E /* Assets.xcassets */; };
		D98CD6B52AD86E4600D1686E /* Preview Assets.xcassets in Resources */ = {isa = PBXBuildFile; fileRef = D98CD6B42AD86E4600D1686E /* Preview Assets.xcassets */; };
		D98CD6C52AD8705F00D1686E /* PreppedTabView.swift in Sources */ = {isa = PBXBuildFile; fileRef = D98CD6C42AD8705F00D1686E /* PreppedTabView.swift */; };
		D98CD6C72AD871F100D1686E /* Colors+Ext.swift in Sources */ = {isa = PBXBuildFile; fileRef = D98CD6C62AD871F100D1686E /* Colors+Ext.swift */; };
		D98CD6CA2AD8757A00D1686E /* MealsView.swift in Sources */ = {isa = PBXBuildFile; fileRef = D98CD6C92AD8757A00D1686E /* MealsView.swift */; };
		D98CD6CD2AD884FF00D1686E /* CreateView.swift in Sources */ = {isa = PBXBuildFile; fileRef = D98CD6CC2AD884FF00D1686E /* CreateView.swift */; };
		D98CD6CF2AD88D5800D1686E /* ViewModifiers.swift in Sources */ = {isa = PBXBuildFile; fileRef = D98CD6CE2AD88D5800D1686E /* ViewModifiers.swift */; };
		D990D3242AD99B97000089B9 /* Meal.swift in Sources */ = {isa = PBXBuildFile; fileRef = D990D3232AD99B97000089B9 /* Meal.swift */; };
		D990D3262AD9DA4B000089B9 /* MealCreationView.swift in Sources */ = {isa = PBXBuildFile; fileRef = D990D3252AD9DA4B000089B9 /* MealCreationView.swift */; };
		D99CD9DA2ADEF9D2000BDAC0 /* LoginView.swift in Sources */ = {isa = PBXBuildFile; fileRef = D99CD9D92ADEF9D2000BDAC0 /* LoginView.swift */; };
		D99CD9DC2ADEF9DC000BDAC0 /* RegistrationView.swift in Sources */ = {isa = PBXBuildFile; fileRef = D99CD9DB2ADEF9DC000BDAC0 /* RegistrationView.swift */; };
		D99CD9DE2AE09B37000BDAC0 /* GoogleService-Info.plist in Resources */ = {isa = PBXBuildFile; fileRef = D99CD9DD2AE09B37000BDAC0 /* GoogleService-Info.plist */; };
/* End PBXBuildFile section */

/* Begin PBXFileReference section */
		D98C67CE2AE09FA200F197F8 /* RegistrationViewModel.swift */ = {isa = PBXFileReference; lastKnownFileType = sourcecode.swift; path = RegistrationViewModel.swift; sourceTree = "<group>"; };
		D98C67D02AE0A09F00F197F8 /* AuthService.swift */ = {isa = PBXFileReference; lastKnownFileType = sourcecode.swift; path = AuthService.swift; sourceTree = "<group>"; };
		D98CD6AA2AD86E4500D1686E /* Prepped.app */ = {isa = PBXFileReference; explicitFileType = wrapper.application; includeInIndex = 0; path = Prepped.app; sourceTree = BUILT_PRODUCTS_DIR; };
		D98CD6AD2AD86E4500D1686E /* PreppedApp.swift */ = {isa = PBXFileReference; lastKnownFileType = sourcecode.swift; path = PreppedApp.swift; sourceTree = "<group>"; };
		D98CD6AF2AD86E4500D1686E /* ContentView.swift */ = {isa = PBXFileReference; lastKnownFileType = sourcecode.swift; path = ContentView.swift; sourceTree = "<group>"; };
		D98CD6B12AD86E4600D1686E /* Assets.xcassets */ = {isa = PBXFileReference; lastKnownFileType = folder.assetcatalog; path = Assets.xcassets; sourceTree = "<group>"; };
		D98CD6B42AD86E4600D1686E /* Preview Assets.xcassets */ = {isa = PBXFileReference; lastKnownFileType = folder.assetcatalog; path = "Preview Assets.xcassets"; sourceTree = "<group>"; };
		D98CD6C42AD8705F00D1686E /* PreppedTabView.swift */ = {isa = PBXFileReference; lastKnownFileType = sourcecode.swift; path = PreppedTabView.swift; sourceTree = "<group>"; };
		D98CD6C62AD871F100D1686E /* Colors+Ext.swift */ = {isa = PBXFileReference; lastKnownFileType = sourcecode.swift; path = "Colors+Ext.swift"; sourceTree = "<group>"; };
		D98CD6C92AD8757A00D1686E /* MealsView.swift */ = {isa = PBXFileReference; lastKnownFileType = sourcecode.swift; path = MealsView.swift; sourceTree = "<group>"; };
		D98CD6CC2AD884FF00D1686E /* CreateView.swift */ = {isa = PBXFileReference; lastKnownFileType = sourcecode.swift; path = CreateView.swift; sourceTree = "<group>"; };
		D98CD6CE2AD88D5800D1686E /* ViewModifiers.swift */ = {isa = PBXFileReference; lastKnownFileType = sourcecode.swift; path = ViewModifiers.swift; sourceTree = "<group>"; };
		D990D3232AD99B97000089B9 /* Meal.swift */ = {isa = PBXFileReference; lastKnownFileType = sourcecode.swift; path = Meal.swift; sourceTree = "<group>"; };
		D990D3252AD9DA4B000089B9 /* MealCreationView.swift */ = {isa = PBXFileReference; lastKnownFileType = sourcecode.swift; path = MealCreationView.swift; sourceTree = "<group>"; };
		D99CD9D92ADEF9D2000BDAC0 /* LoginView.swift */ = {isa = PBXFileReference; lastKnownFileType = sourcecode.swift; path = LoginView.swift; sourceTree = "<group>"; };
		D99CD9DB2ADEF9DC000BDAC0 /* RegistrationView.swift */ = {isa = PBXFileReference; lastKnownFileType = sourcecode.swift; path = RegistrationView.swift; sourceTree = "<group>"; };
		D99CD9DD2AE09B37000BDAC0 /* GoogleService-Info.plist */ = {isa = PBXFileReference; fileEncoding = 4; lastKnownFileType = text.plist.xml; path = "GoogleService-Info.plist"; sourceTree = "<group>"; };
/* End PBXFileReference section */

/* Begin PBXFrameworksBuildPhase section */
		D98CD6A72AD86E4500D1686E /* Frameworks */ = {
			isa = PBXFrameworksBuildPhase;
			buildActionMask = 2147483647;
			files = (
				D98C67A82AE09C1F00F197F8 /* FirebaseDatabase in Frameworks */,
				D98C67B62AE09C1F00F197F8 /* FirebaseFunctionsCombine-Community in Frameworks */,
				D98C67AE2AE09C1F00F197F8 /* FirebaseFirestore in Frameworks */,
				D98C679A2AE09C1F00F197F8 /* FirebaseAnalyticsSwift in Frameworks */,
				D98C67962AE09C1F00F197F8 /* FirebaseAnalytics in Frameworks */,
				D98C67982AE09C1F00F197F8 /* FirebaseAnalyticsOnDeviceConversion in Frameworks */,
				D98C67BE2AE09C1F00F197F8 /* FirebaseMLModelDownloader in Frameworks */,
				D98C67B22AE09C1F00F197F8 /* FirebaseFirestoreSwift in Frameworks */,
				D98C679E2AE09C1F00F197F8 /* FirebaseAppCheck in Frameworks */,
				D98C679C2AE09C1F00F197F8 /* FirebaseAnalyticsWithoutAdIdSupport in Frameworks */,
				D98C67A22AE09C1F00F197F8 /* FirebaseAuth in Frameworks */,
				D98C67A62AE09C1F00F197F8 /* FirebaseCrashlytics in Frameworks */,
				D98C67C62AE09C1F00F197F8 /* FirebaseRemoteConfigSwift in Frameworks */,
				D98C67B82AE09C1F00F197F8 /* FirebaseInAppMessaging-Beta in Frameworks */,
				D98C67AA2AE09C1F00F197F8 /* FirebaseDatabaseSwift in Frameworks */,
				D98C67B42AE09C1F00F197F8 /* FirebaseFunctions in Frameworks */,
				D98C67CA2AE09C1F00F197F8 /* FirebaseStorageCombine-Community in Frameworks */,
				D98C67C42AE09C1F00F197F8 /* FirebaseRemoteConfig in Frameworks */,
				D98C67A02AE09C1F00F197F8 /* FirebaseAppDistribution-Beta in Frameworks */,
				D98C67A42AE09C1F00F197F8 /* FirebaseAuthCombine-Community in Frameworks */,
				D98C67C22AE09C1F00F197F8 /* FirebasePerformance in Frameworks */,
				D98C67BA2AE09C1F00F197F8 /* FirebaseInAppMessagingSwift-Beta in Frameworks */,
				D98C67C82AE09C1F00F197F8 /* FirebaseStorage in Frameworks */,
				D98C67AC2AE09C1F00F197F8 /* FirebaseDynamicLinks in Frameworks */,
				D98C67B02AE09C1F00F197F8 /* FirebaseFirestoreCombine-Community in Frameworks */,
				D98C67C02AE09C1F00F197F8 /* FirebaseMessaging in Frameworks */,
				D98C67BC2AE09C1F00F197F8 /* FirebaseInstallations in Frameworks */,
			);
			runOnlyForDeploymentPostprocessing = 0;
		};
/* End PBXFrameworksBuildPhase section */

/* Begin PBXGroup section */
		D98C67CB2AE09F4F00F197F8 /* Service */ = {
			isa = PBXGroup;
			children = (
				D98C67D02AE0A09F00F197F8 /* AuthService.swift */,
			);
			path = Service;
			sourceTree = "<group>";
		};
		D98C67CC2AE09F5600F197F8 /* Views */ = {
			isa = PBXGroup;
			children = (
				D99CD9D92ADEF9D2000BDAC0 /* LoginView.swift */,
				D99CD9DB2ADEF9DC000BDAC0 /* RegistrationView.swift */,
			);
			path = Views;
			sourceTree = "<group>";
		};
		D98C67CD2AE09F6000F197F8 /* ViewModel */ = {
			isa = PBXGroup;
			children = (
				D98C67CE2AE09FA200F197F8 /* RegistrationViewModel.swift */,
			);
			path = ViewModel;
			sourceTree = "<group>";
		};
		D98CD6A12AD86E4500D1686E = {
			isa = PBXGroup;
			children = (
				D98CD6AC2AD86E4500D1686E /* Prepped */,
				D98CD6AB2AD86E4500D1686E /* Products */,
			);
			sourceTree = "<group>";
		};
		D98CD6AB2AD86E4500D1686E /* Products */ = {
			isa = PBXGroup;
			children = (
				D98CD6AA2AD86E4500D1686E /* Prepped.app */,
			);
			name = Products;
			sourceTree = "<group>";
		};
		D98CD6AC2AD86E4500D1686E /* Prepped */ = {
			isa = PBXGroup;
			children = (
				D98CD6BB2AD86EF800D1686E /* App */,
				D98CD6BC2AD86F0600D1686E /* Core */,
				D98CD6BE2AD86F4800D1686E /* Extensions */,
				D98CD6BF2AD86F4D00D1686E /* Models */,
				D98CD6C02AD86F7B00D1686E /* Services */,
				D98CD6C12AD86F7E00D1686E /* Utilities */,
				D98CD6B12AD86E4600D1686E /* Assets.xcassets */,
				D99CD9DD2AE09B37000BDAC0 /* GoogleService-Info.plist */,
				D98CD6B32AD86E4600D1686E /* Preview Content */,
			);
			path = Prepped;
			sourceTree = "<group>";
		};
		D98CD6B32AD86E4600D1686E /* Preview Content */ = {
			isa = PBXGroup;
			children = (
				D98CD6B42AD86E4600D1686E /* Preview Assets.xcassets */,
			);
			path = "Preview Content";
			sourceTree = "<group>";
		};
		D98CD6BB2AD86EF800D1686E /* App */ = {
			isa = PBXGroup;
			children = (
				D98CD6AD2AD86E4500D1686E /* PreppedApp.swift */,
			);
			path = App;
			sourceTree = "<group>";
		};
		D98CD6BC2AD86F0600D1686E /* Core */ = {
			isa = PBXGroup;
			children = (
				D98CD6CB2AD884F300D1686E /* Create */,
				D98CD6C22AD86FC300D1686E /* Authentication */,
				D98CD6C82AD8755D00D1686E /* Meals */,
				D98CD6BD2AD86F2200D1686E /* Root */,
				D98CD6C32AD8702600D1686E /* TabBar */,
			);
			path = Core;
			sourceTree = "<group>";
		};
		D98CD6BD2AD86F2200D1686E /* Root */ = {
			isa = PBXGroup;
			children = (
				D98CD6AF2AD86E4500D1686E /* ContentView.swift */,
			);
			path = Root;
			sourceTree = "<group>";
		};
		D98CD6BE2AD86F4800D1686E /* Extensions */ = {
			isa = PBXGroup;
			children = (
				D98CD6C62AD871F100D1686E /* Colors+Ext.swift */,
				D98CD6CE2AD88D5800D1686E /* ViewModifiers.swift */,
			);
			path = Extensions;
			sourceTree = "<group>";
		};
		D98CD6BF2AD86F4D00D1686E /* Models */ = {
			isa = PBXGroup;
			children = (
				D990D3232AD99B97000089B9 /* Meal.swift */,
			);
			path = Models;
			sourceTree = "<group>";
		};
		D98CD6C02AD86F7B00D1686E /* Services */ = {
			isa = PBXGroup;
			children = (
			);
			path = Services;
			sourceTree = "<group>";
		};
		D98CD6C12AD86F7E00D1686E /* Utilities */ = {
			isa = PBXGroup;
			children = (
			);
			path = Utilities;
			sourceTree = "<group>";
		};
		D98CD6C22AD86FC300D1686E /* Authentication */ = {
			isa = PBXGroup;
			children = (
				D98C67CD2AE09F6000F197F8 /* ViewModel */,
				D98C67CC2AE09F5600F197F8 /* Views */,
				D98C67CB2AE09F4F00F197F8 /* Service */,
			);
			path = Authentication;
			sourceTree = "<group>";
		};
		D98CD6C32AD8702600D1686E /* TabBar */ = {
			isa = PBXGroup;
			children = (
				D98CD6C42AD8705F00D1686E /* PreppedTabView.swift */,
			);
			path = TabBar;
			sourceTree = "<group>";
		};
		D98CD6C82AD8755D00D1686E /* Meals */ = {
			isa = PBXGroup;
			children = (
				D98CD6C92AD8757A00D1686E /* MealsView.swift */,
			);
			path = Meals;
			sourceTree = "<group>";
		};
		D98CD6CB2AD884F300D1686E /* Create */ = {
			isa = PBXGroup;
			children = (
				D98CD6CC2AD884FF00D1686E /* CreateView.swift */,
				D990D3252AD9DA4B000089B9 /* MealCreationView.swift */,
			);
			path = Create;
			sourceTree = "<group>";
		};
/* End PBXGroup section */

/* Begin PBXNativeTarget section */
		D98CD6A92AD86E4500D1686E /* Prepped */ = {
			isa = PBXNativeTarget;
			buildConfigurationList = D98CD6B82AD86E4600D1686E /* Build configuration list for PBXNativeTarget "Prepped" */;
			buildPhases = (
				D98CD6A62AD86E4500D1686E /* Sources */,
				D98CD6A72AD86E4500D1686E /* Frameworks */,
				D98CD6A82AD86E4500D1686E /* Resources */,
			);
			buildRules = (
			);
			dependencies = (
			);
			name = Prepped;
			packageProductDependencies = (
				D98C67952AE09C1F00F197F8 /* FirebaseAnalytics */,
				D98C67972AE09C1F00F197F8 /* FirebaseAnalyticsOnDeviceConversion */,
				D98C67992AE09C1F00F197F8 /* FirebaseAnalyticsSwift */,
				D98C679B2AE09C1F00F197F8 /* FirebaseAnalyticsWithoutAdIdSupport */,
				D98C679D2AE09C1F00F197F8 /* FirebaseAppCheck */,
				D98C679F2AE09C1F00F197F8 /* FirebaseAppDistribution-Beta */,
				D98C67A12AE09C1F00F197F8 /* FirebaseAuth */,
				D98C67A32AE09C1F00F197F8 /* FirebaseAuthCombine-Community */,
				D98C67A52AE09C1F00F197F8 /* FirebaseCrashlytics */,
				D98C67A72AE09C1F00F197F8 /* FirebaseDatabase */,
				D98C67A92AE09C1F00F197F8 /* FirebaseDatabaseSwift */,
				D98C67AB2AE09C1F00F197F8 /* FirebaseDynamicLinks */,
				D98C67AD2AE09C1F00F197F8 /* FirebaseFirestore */,
				D98C67AF2AE09C1F00F197F8 /* FirebaseFirestoreCombine-Community */,
				D98C67B12AE09C1F00F197F8 /* FirebaseFirestoreSwift */,
				D98C67B32AE09C1F00F197F8 /* FirebaseFunctions */,
				D98C67B52AE09C1F00F197F8 /* FirebaseFunctionsCombine-Community */,
				D98C67B72AE09C1F00F197F8 /* FirebaseInAppMessaging-Beta */,
				D98C67B92AE09C1F00F197F8 /* FirebaseInAppMessagingSwift-Beta */,
				D98C67BB2AE09C1F00F197F8 /* FirebaseInstallations */,
				D98C67BD2AE09C1F00F197F8 /* FirebaseMLModelDownloader */,
				D98C67BF2AE09C1F00F197F8 /* FirebaseMessaging */,
				D98C67C12AE09C1F00F197F8 /* FirebasePerformance */,
				D98C67C32AE09C1F00F197F8 /* FirebaseRemoteConfig */,
				D98C67C52AE09C1F00F197F8 /* FirebaseRemoteConfigSwift */,
				D98C67C72AE09C1F00F197F8 /* FirebaseStorage */,
				D98C67C92AE09C1F00F197F8 /* FirebaseStorageCombine-Community */,
			);
			productName = Prepped;
			productReference = D98CD6AA2AD86E4500D1686E /* Prepped.app */;
			productType = "com.apple.product-type.application";
		};
/* End PBXNativeTarget section */

/* Begin PBXProject section */
		D98CD6A22AD86E4500D1686E /* Project object */ = {
			isa = PBXProject;
			attributes = {
				BuildIndependentTargetsInParallel = 1;
				LastSwiftUpdateCheck = 1500;
				LastUpgradeCheck = 1500;
				TargetAttributes = {
					D98CD6A92AD86E4500D1686E = {
						CreatedOnToolsVersion = 15.0;
					};
				};
			};
			buildConfigurationList = D98CD6A52AD86E4500D1686E /* Build configuration list for PBXProject "Prepped" */;
			compatibilityVersion = "Xcode 14.0";
			developmentRegion = en;
			hasScannedForEncodings = 0;
			knownRegions = (
				en,
				Base,
			);
			mainGroup = D98CD6A12AD86E4500D1686E;
			packageReferences = (
				D98C67942AE09C1F00F197F8 /* XCRemoteSwiftPackageReference "firebase-ios-sdk" */,
			);
			productRefGroup = D98CD6AB2AD86E4500D1686E /* Products */;
			projectDirPath = "";
			projectRoot = "";
			targets = (
				D98CD6A92AD86E4500D1686E /* Prepped */,
			);
		};
/* End PBXProject section */

/* Begin PBXResourcesBuildPhase section */
		D98CD6A82AD86E4500D1686E /* Resources */ = {
			isa = PBXResourcesBuildPhase;
			buildActionMask = 2147483647;
			files = (
				D98CD6B52AD86E4600D1686E /* Preview Assets.xcassets in Resources */,
				D98CD6B22AD86E4600D1686E /* Assets.xcassets in Resources */,
				D99CD9DE2AE09B37000BDAC0 /* GoogleService-Info.plist in Resources */,
			);
			runOnlyForDeploymentPostprocessing = 0;
		};
/* End PBXResourcesBuildPhase section */

/* Begin PBXSourcesBuildPhase section */
		D98CD6A62AD86E4500D1686E /* Sources */ = {
			isa = PBXSourcesBuildPhase;
			buildActionMask = 2147483647;
			files = (
				D99CD9DC2ADEF9DC000BDAC0 /* RegistrationView.swift in Sources */,
				D98C67CF2AE09FA200F197F8 /* RegistrationViewModel.swift in Sources */,
				D98CD6C52AD8705F00D1686E /* PreppedTabView.swift in Sources */,
				D98CD6CF2AD88D5800D1686E /* ViewModifiers.swift in Sources */,
				D98CD6C72AD871F100D1686E /* Colors+Ext.swift in Sources */,
				D990D3262AD9DA4B000089B9 /* MealCreationView.swift in Sources */,
				D98C67D12AE0A09F00F197F8 /* AuthService.swift in Sources */,
				D98CD6CA2AD8757A00D1686E /* MealsView.swift in Sources */,
				D990D3242AD99B97000089B9 /* Meal.swift in Sources */,
				D98CD6B02AD86E4500D1686E /* ContentView.swift in Sources */,
				D98CD6CD2AD884FF00D1686E /* CreateView.swift in Sources */,
				D99CD9DA2ADEF9D2000BDAC0 /* LoginView.swift in Sources */,
				D98CD6AE2AD86E4500D1686E /* PreppedApp.swift in Sources */,
			);
			runOnlyForDeploymentPostprocessing = 0;
		};
/* End PBXSourcesBuildPhase section */

/* Begin XCBuildConfiguration section */
		D98CD6B62AD86E4600D1686E /* Debug */ = {
			isa = XCBuildConfiguration;
			buildSettings = {
				ALWAYS_SEARCH_USER_PATHS = NO;
				ASSETCATALOG_COMPILER_GENERATE_SWIFT_ASSET_SYMBOL_EXTENSIONS = YES;
				CLANG_ANALYZER_NONNULL = YES;
				CLANG_ANALYZER_NUMBER_OBJECT_CONVERSION = YES_AGGRESSIVE;
				CLANG_CXX_LANGUAGE_STANDARD = "gnu++20";
				CLANG_ENABLE_MODULES = YES;
				CLANG_ENABLE_OBJC_ARC = YES;
				CLANG_ENABLE_OBJC_WEAK = YES;
				CLANG_WARN_BLOCK_CAPTURE_AUTORELEASING = YES;
				CLANG_WARN_BOOL_CONVERSION = YES;
				CLANG_WARN_COMMA = YES;
				CLANG_WARN_CONSTANT_CONVERSION = YES;
				CLANG_WARN_DEPRECATED_OBJC_IMPLEMENTATIONS = YES;
				CLANG_WARN_DIRECT_OBJC_ISA_USAGE = YES_ERROR;
				CLANG_WARN_DOCUMENTATION_COMMENTS = YES;
				CLANG_WARN_EMPTY_BODY = YES;
				CLANG_WARN_ENUM_CONVERSION = YES;
				CLANG_WARN_INFINITE_RECURSION = YES;
				CLANG_WARN_INT_CONVERSION = YES;
				CLANG_WARN_NON_LITERAL_NULL_CONVERSION = YES;
				CLANG_WARN_OBJC_IMPLICIT_RETAIN_SELF = YES;
				CLANG_WARN_OBJC_LITERAL_CONVERSION = YES;
				CLANG_WARN_OBJC_ROOT_CLASS = YES_ERROR;
				CLANG_WARN_QUOTED_INCLUDE_IN_FRAMEWORK_HEADER = YES;
				CLANG_WARN_RANGE_LOOP_ANALYSIS = YES;
				CLANG_WARN_STRICT_PROTOTYPES = YES;
				CLANG_WARN_SUSPICIOUS_MOVE = YES;
				CLANG_WARN_UNGUARDED_AVAILABILITY = YES_AGGRESSIVE;
				CLANG_WARN_UNREACHABLE_CODE = YES;
				CLANG_WARN__DUPLICATE_METHOD_MATCH = YES;
				COPY_PHASE_STRIP = NO;
				DEBUG_INFORMATION_FORMAT = dwarf;
				ENABLE_STRICT_OBJC_MSGSEND = YES;
				ENABLE_TESTABILITY = YES;
				ENABLE_USER_SCRIPT_SANDBOXING = YES;
				GCC_C_LANGUAGE_STANDARD = gnu17;
				GCC_DYNAMIC_NO_PIC = NO;
				GCC_NO_COMMON_BLOCKS = YES;
				GCC_OPTIMIZATION_LEVEL = 0;
				GCC_PREPROCESSOR_DEFINITIONS = (
					"DEBUG=1",
					"$(inherited)",
				);
				GCC_WARN_64_TO_32_BIT_CONVERSION = YES;
				GCC_WARN_ABOUT_RETURN_TYPE = YES_ERROR;
				GCC_WARN_UNDECLARED_SELECTOR = YES;
				GCC_WARN_UNINITIALIZED_AUTOS = YES_AGGRESSIVE;
				GCC_WARN_UNUSED_FUNCTION = YES;
				GCC_WARN_UNUSED_VARIABLE = YES;
				IPHONEOS_DEPLOYMENT_TARGET = 17.0;
				LOCALIZATION_PREFERS_STRING_CATALOGS = YES;
				MTL_ENABLE_DEBUG_INFO = INCLUDE_SOURCE;
				MTL_FAST_MATH = YES;
				ONLY_ACTIVE_ARCH = YES;
				SDKROOT = iphoneos;
				SWIFT_ACTIVE_COMPILATION_CONDITIONS = "DEBUG $(inherited)";
				SWIFT_OPTIMIZATION_LEVEL = "-Onone";
			};
			name = Debug;
		};
		D98CD6B72AD86E4600D1686E /* Release */ = {
			isa = XCBuildConfiguration;
			buildSettings = {
				ALWAYS_SEARCH_USER_PATHS = NO;
				ASSETCATALOG_COMPILER_GENERATE_SWIFT_ASSET_SYMBOL_EXTENSIONS = YES;
				CLANG_ANALYZER_NONNULL = YES;
				CLANG_ANALYZER_NUMBER_OBJECT_CONVERSION = YES_AGGRESSIVE;
				CLANG_CXX_LANGUAGE_STANDARD = "gnu++20";
				CLANG_ENABLE_MODULES = YES;
				CLANG_ENABLE_OBJC_ARC = YES;
				CLANG_ENABLE_OBJC_WEAK = YES;
				CLANG_WARN_BLOCK_CAPTURE_AUTORELEASING = YES;
				CLANG_WARN_BOOL_CONVERSION = YES;
				CLANG_WARN_COMMA = YES;
				CLANG_WARN_CONSTANT_CONVERSION = YES;
				CLANG_WARN_DEPRECATED_OBJC_IMPLEMENTATIONS = YES;
				CLANG_WARN_DIRECT_OBJC_ISA_USAGE = YES_ERROR;
				CLANG_WARN_DOCUMENTATION_COMMENTS = YES;
				CLANG_WARN_EMPTY_BODY = YES;
				CLANG_WARN_ENUM_CONVERSION = YES;
				CLANG_WARN_INFINITE_RECURSION = YES;
				CLANG_WARN_INT_CONVERSION = YES;
				CLANG_WARN_NON_LITERAL_NULL_CONVERSION = YES;
				CLANG_WARN_OBJC_IMPLICIT_RETAIN_SELF = YES;
				CLANG_WARN_OBJC_LITERAL_CONVERSION = YES;
				CLANG_WARN_OBJC_ROOT_CLASS = YES_ERROR;
				CLANG_WARN_QUOTED_INCLUDE_IN_FRAMEWORK_HEADER = YES;
				CLANG_WARN_RANGE_LOOP_ANALYSIS = YES;
				CLANG_WARN_STRICT_PROTOTYPES = YES;
				CLANG_WARN_SUSPICIOUS_MOVE = YES;
				CLANG_WARN_UNGUARDED_AVAILABILITY = YES_AGGRESSIVE;
				CLANG_WARN_UNREACHABLE_CODE = YES;
				CLANG_WARN__DUPLICATE_METHOD_MATCH = YES;
				COPY_PHASE_STRIP = NO;
				DEBUG_INFORMATION_FORMAT = "dwarf-with-dsym";
				ENABLE_NS_ASSERTIONS = NO;
				ENABLE_STRICT_OBJC_MSGSEND = YES;
				ENABLE_USER_SCRIPT_SANDBOXING = YES;
				GCC_C_LANGUAGE_STANDARD = gnu17;
				GCC_NO_COMMON_BLOCKS = YES;
				GCC_WARN_64_TO_32_BIT_CONVERSION = YES;
				GCC_WARN_ABOUT_RETURN_TYPE = YES_ERROR;
				GCC_WARN_UNDECLARED_SELECTOR = YES;
				GCC_WARN_UNINITIALIZED_AUTOS = YES_AGGRESSIVE;
				GCC_WARN_UNUSED_FUNCTION = YES;
				GCC_WARN_UNUSED_VARIABLE = YES;
				IPHONEOS_DEPLOYMENT_TARGET = 17.0;
				LOCALIZATION_PREFERS_STRING_CATALOGS = YES;
				MTL_ENABLE_DEBUG_INFO = NO;
				MTL_FAST_MATH = YES;
				SDKROOT = iphoneos;
				SWIFT_COMPILATION_MODE = wholemodule;
				VALIDATE_PRODUCT = YES;
			};
			name = Release;
		};
		D98CD6B92AD86E4600D1686E /* Debug */ = {
			isa = XCBuildConfiguration;
			buildSettings = {
				ASSETCATALOG_COMPILER_APPICON_NAME = AppIcon;
				ASSETCATALOG_COMPILER_GLOBAL_ACCENT_COLOR_NAME = AccentColor;
				CODE_SIGN_STYLE = Automatic;
				CURRENT_PROJECT_VERSION = 1;
				DEVELOPMENT_ASSET_PATHS = "\"Prepped/Preview Content\"";
				DEVELOPMENT_TEAM = M982BWXJ4N;
				ENABLE_PREVIEWS = YES;
				GENERATE_INFOPLIST_FILE = YES;
				INFOPLIST_KEY_UIApplicationSceneManifest_Generation = YES;
				INFOPLIST_KEY_UIApplicationSupportsIndirectInputEvents = YES;
				INFOPLIST_KEY_UILaunchScreen_Generation = YES;
				INFOPLIST_KEY_UISupportedInterfaceOrientations_iPad = "UIInterfaceOrientationPortrait UIInterfaceOrientationPortraitUpsideDown UIInterfaceOrientationLandscapeLeft UIInterfaceOrientationLandscapeRight";
				INFOPLIST_KEY_UISupportedInterfaceOrientations_iPhone = "UIInterfaceOrientationPortrait UIInterfaceOrientationLandscapeLeft UIInterfaceOrientationLandscapeRight";
				LD_RUNPATH_SEARCH_PATHS = (
					"$(inherited)",
					"@executable_path/Frameworks",
				);
				MARKETING_VERSION = 1.0;
				PRODUCT_BUNDLE_IDENTIFIER = dev.danielpriestley.Prepped;
				PRODUCT_NAME = "$(TARGET_NAME)";
				SWIFT_EMIT_LOC_STRINGS = YES;
				SWIFT_VERSION = 5.0;
				TARGETED_DEVICE_FAMILY = "1,2";
			};
			name = Debug;
		};
		D98CD6BA2AD86E4600D1686E /* Release */ = {
			isa = XCBuildConfiguration;
			buildSettings = {
				ASSETCATALOG_COMPILER_APPICON_NAME = AppIcon;
				ASSETCATALOG_COMPILER_GLOBAL_ACCENT_COLOR_NAME = AccentColor;
				CODE_SIGN_STYLE = Automatic;
				CURRENT_PROJECT_VERSION = 1;
				DEVELOPMENT_ASSET_PATHS = "\"Prepped/Preview Content\"";
				DEVELOPMENT_TEAM = M982BWXJ4N;
				ENABLE_PREVIEWS = YES;
				GENERATE_INFOPLIST_FILE = YES;
				INFOPLIST_KEY_UIApplicationSceneManifest_Generation = YES;
				INFOPLIST_KEY_UIApplicationSupportsIndirectInputEvents = YES;
				INFOPLIST_KEY_UILaunchScreen_Generation = YES;
				INFOPLIST_KEY_UISupportedInterfaceOrientations_iPad = "UIInterfaceOrientationPortrait UIInterfaceOrientationPortraitUpsideDown UIInterfaceOrientationLandscapeLeft UIInterfaceOrientationLandscapeRight";
				INFOPLIST_KEY_UISupportedInterfaceOrientations_iPhone = "UIInterfaceOrientationPortrait UIInterfaceOrientationLandscapeLeft UIInterfaceOrientationLandscapeRight";
				LD_RUNPATH_SEARCH_PATHS = (
					"$(inherited)",
					"@executable_path/Frameworks",
				);
				MARKETING_VERSION = 1.0;
				PRODUCT_BUNDLE_IDENTIFIER = dev.danielpriestley.Prepped;
				PRODUCT_NAME = "$(TARGET_NAME)";
				SWIFT_EMIT_LOC_STRINGS = YES;
				SWIFT_VERSION = 5.0;
				TARGETED_DEVICE_FAMILY = "1,2";
			};
			name = Release;
		};
/* End XCBuildConfiguration section */

/* Begin XCConfigurationList section */
		D98CD6A52AD86E4500D1686E /* Build configuration list for PBXProject "Prepped" */ = {
			isa = XCConfigurationList;
			buildConfigurations = (
				D98CD6B62AD86E4600D1686E /* Debug */,
				D98CD6B72AD86E4600D1686E /* Release */,
			);
			defaultConfigurationIsVisible = 0;
			defaultConfigurationName = Release;
		};
		D98CD6B82AD86E4600D1686E /* Build configuration list for PBXNativeTarget "Prepped" */ = {
			isa = XCConfigurationList;
			buildConfigurations = (
				D98CD6B92AD86E4600D1686E /* Debug */,
				D98CD6BA2AD86E4600D1686E /* Release */,
			);
			defaultConfigurationIsVisible = 0;
			defaultConfigurationName = Release;
		};
/* End XCConfigurationList section */

/* Begin XCRemoteSwiftPackageReference section */
		D98C67942AE09C1F00F197F8 /* XCRemoteSwiftPackageReference "firebase-ios-sdk" */ = {
			isa = XCRemoteSwiftPackageReference;
			repositoryURL = "https://github.com/firebase/firebase-ios-sdk";
			requirement = {
				kind = upToNextMajorVersion;
				minimumVersion = 10.16.0;
			};
		};
/* End XCRemoteSwiftPackageReference section */

/* Begin XCSwiftPackageProductDependency section */
		D98C67952AE09C1F00F197F8 /* FirebaseAnalytics */ = {
			isa = XCSwiftPackageProductDependency;
			package = D98C67942AE09C1F00F197F8 /* XCRemoteSwiftPackageReference "firebase-ios-sdk" */;
			productName = FirebaseAnalytics;
		};
		D98C67972AE09C1F00F197F8 /* FirebaseAnalyticsOnDeviceConversion */ = {
			isa = XCSwiftPackageProductDependency;
			package = D98C67942AE09C1F00F197F8 /* XCRemoteSwiftPackageReference "firebase-ios-sdk" */;
			productName = FirebaseAnalyticsOnDeviceConversion;
		};
		D98C67992AE09C1F00F197F8 /* FirebaseAnalyticsSwift */ = {
			isa = XCSwiftPackageProductDependency;
			package = D98C67942AE09C1F00F197F8 /* XCRemoteSwiftPackageReference "firebase-ios-sdk" */;
			productName = FirebaseAnalyticsSwift;
		};
		D98C679B2AE09C1F00F197F8 /* FirebaseAnalyticsWithoutAdIdSupport */ = {
			isa = XCSwiftPackageProductDependency;
			package = D98C67942AE09C1F00F197F8 /* XCRemoteSwiftPackageReference "firebase-ios-sdk" */;
			productName = FirebaseAnalyticsWithoutAdIdSupport;
		};
		D98C679D2AE09C1F00F197F8 /* FirebaseAppCheck */ = {
			isa = XCSwiftPackageProductDependency;
			package = D98C67942AE09C1F00F197F8 /* XCRemoteSwiftPackageReference "firebase-ios-sdk" */;
			productName = FirebaseAppCheck;
		};
		D98C679F2AE09C1F00F197F8 /* FirebaseAppDistribution-Beta */ = {
			isa = XCSwiftPackageProductDependency;
			package = D98C67942AE09C1F00F197F8 /* XCRemoteSwiftPackageReference "firebase-ios-sdk" */;
			productName = "FirebaseAppDistribution-Beta";
		};
		D98C67A12AE09C1F00F197F8 /* FirebaseAuth */ = {
			isa = XCSwiftPackageProductDependency;
			package = D98C67942AE09C1F00F197F8 /* XCRemoteSwiftPackageReference "firebase-ios-sdk" */;
			productName = FirebaseAuth;
		};
		D98C67A32AE09C1F00F197F8 /* FirebaseAuthCombine-Community */ = {
			isa = XCSwiftPackageProductDependency;
			package = D98C67942AE09C1F00F197F8 /* XCRemoteSwiftPackageReference "firebase-ios-sdk" */;
			productName = "FirebaseAuthCombine-Community";
		};
		D98C67A52AE09C1F00F197F8 /* FirebaseCrashlytics */ = {
			isa = XCSwiftPackageProductDependency;
			package = D98C67942AE09C1F00F197F8 /* XCRemoteSwiftPackageReference "firebase-ios-sdk" */;
			productName = FirebaseCrashlytics;
		};
		D98C67A72AE09C1F00F197F8 /* FirebaseDatabase */ = {
			isa = XCSwiftPackageProductDependency;
			package = D98C67942AE09C1F00F197F8 /* XCRemoteSwiftPackageReference "firebase-ios-sdk" */;
			productName = FirebaseDatabase;
		};
		D98C67A92AE09C1F00F197F8 /* FirebaseDatabaseSwift */ = {
			isa = XCSwiftPackageProductDependency;
			package = D98C67942AE09C1F00F197F8 /* XCRemoteSwiftPackageReference "firebase-ios-sdk" */;
			productName = FirebaseDatabaseSwift;
		};
		D98C67AB2AE09C1F00F197F8 /* FirebaseDynamicLinks */ = {
			isa = XCSwiftPackageProductDependency;
			package = D98C67942AE09C1F00F197F8 /* XCRemoteSwiftPackageReference "firebase-ios-sdk" */;
			productName = FirebaseDynamicLinks;
		};
		D98C67AD2AE09C1F00F197F8 /* FirebaseFirestore */ = {
			isa = XCSwiftPackageProductDependency;
			package = D98C67942AE09C1F00F197F8 /* XCRemoteSwiftPackageReference "firebase-ios-sdk" */;
			productName = FirebaseFirestore;
		};
		D98C67AF2AE09C1F00F197F8 /* FirebaseFirestoreCombine-Community */ = {
			isa = XCSwiftPackageProductDependency;
			package = D98C67942AE09C1F00F197F8 /* XCRemoteSwiftPackageReference "firebase-ios-sdk" */;
			productName = "FirebaseFirestoreCombine-Community";
		};
		D98C67B12AE09C1F00F197F8 /* FirebaseFirestoreSwift */ = {
			isa = XCSwiftPackageProductDependency;
			package = D98C67942AE09C1F00F197F8 /* XCRemoteSwiftPackageReference "firebase-ios-sdk" */;
			productName = FirebaseFirestoreSwift;
		};
		D98C67B32AE09C1F00F197F8 /* FirebaseFunctions */ = {
			isa = XCSwiftPackageProductDependency;
			package = D98C67942AE09C1F00F197F8 /* XCRemoteSwiftPackageReference "firebase-ios-sdk" */;
			productName = FirebaseFunctions;
		};
		D98C67B52AE09C1F00F197F8 /* FirebaseFunctionsCombine-Community */ = {
			isa = XCSwiftPackageProductDependency;
			package = D98C67942AE09C1F00F197F8 /* XCRemoteSwiftPackageReference "firebase-ios-sdk" */;
			productName = "FirebaseFunctionsCombine-Community";
		};
		D98C67B72AE09C1F00F197F8 /* FirebaseInAppMessaging-Beta */ = {
			isa = XCSwiftPackageProductDependency;
			package = D98C67942AE09C1F00F197F8 /* XCRemoteSwiftPackageReference "firebase-ios-sdk" */;
			productName = "FirebaseInAppMessaging-Beta";
		};
		D98C67B92AE09C1F00F197F8 /* FirebaseInAppMessagingSwift-Beta */ = {
			isa = XCSwiftPackageProductDependency;
			package = D98C67942AE09C1F00F197F8 /* XCRemoteSwiftPackageReference "firebase-ios-sdk" */;
			productName = "FirebaseInAppMessagingSwift-Beta";
		};
		D98C67BB2AE09C1F00F197F8 /* FirebaseInstallations */ = {
			isa = XCSwiftPackageProductDependency;
			package = D98C67942AE09C1F00F197F8 /* XCRemoteSwiftPackageReference "firebase-ios-sdk" */;
			productName = FirebaseInstallations;
		};
		D98C67BD2AE09C1F00F197F8 /* FirebaseMLModelDownloader */ = {
			isa = XCSwiftPackageProductDependency;
			package = D98C67942AE09C1F00F197F8 /* XCRemoteSwiftPackageReference "firebase-ios-sdk" */;
			productName = FirebaseMLModelDownloader;
		};
		D98C67BF2AE09C1F00F197F8 /* FirebaseMessaging */ = {
			isa = XCSwiftPackageProductDependency;
			package = D98C67942AE09C1F00F197F8 /* XCRemoteSwiftPackageReference "firebase-ios-sdk" */;
			productName = FirebaseMessaging;
		};
		D98C67C12AE09C1F00F197F8 /* FirebasePerformance */ = {
			isa = XCSwiftPackageProductDependency;
			package = D98C67942AE09C1F00F197F8 /* XCRemoteSwiftPackageReference "firebase-ios-sdk" */;
			productName = FirebasePerformance;
		};
		D98C67C32AE09C1F00F197F8 /* FirebaseRemoteConfig */ = {
			isa = XCSwiftPackageProductDependency;
			package = D98C67942AE09C1F00F197F8 /* XCRemoteSwiftPackageReference "firebase-ios-sdk" */;
			productName = FirebaseRemoteConfig;
		};
		D98C67C52AE09C1F00F197F8 /* FirebaseRemoteConfigSwift */ = {
			isa = XCSwiftPackageProductDependency;
			package = D98C67942AE09C1F00F197F8 /* XCRemoteSwiftPackageReference "firebase-ios-sdk" */;
			productName = FirebaseRemoteConfigSwift;
		};
		D98C67C72AE09C1F00F197F8 /* FirebaseStorage */ = {
			isa = XCSwiftPackageProductDependency;
			package = D98C67942AE09C1F00F197F8 /* XCRemoteSwiftPackageReference "firebase-ios-sdk" */;
			productName = FirebaseStorage;
		};
		D98C67C92AE09C1F00F197F8 /* FirebaseStorageCombine-Community */ = {
			isa = XCSwiftPackageProductDependency;
			package = D98C67942AE09C1F00F197F8 /* XCRemoteSwiftPackageReference "firebase-ios-sdk" */;
			productName = "FirebaseStorageCombine-Community";
		};
/* End XCSwiftPackageProductDependency section */
	};
	rootObject = D98CD6A22AD86E4500D1686E /* Project object */;
}
